
Microsoft Visual Studio Solution File, Format Version 12.00
# Visual Studio 15
VisualStudioVersion = 15.0.28307.572
MinimumVisualStudioVersion = 10.0.40219.1
Project("{F184B08F-C81C-45F6-A57F-5ABD9991F28F}") = "FalconMFDServer", "FalconMFDServer.vbproj", "{54EE64D8-2808-43D4-A625-59160A419B1A}"
EndProject
Project("{6141683F-8A12-4E36-9623-2EB02B2C2303}") = "FalconMFDServerSetUp", "..\FalconMFDServerSetUp\FalconMFDServerSetUp.isproj", "{3AF84E7A-B913-45C4-9787-381608EBCD12}"
EndProject
Global
	GlobalSection(SolutionConfigurationPlatforms) = preSolution
		CD_ROM|Any CPU = CD_ROM|Any CPU
		CD_ROM|x86 = CD_ROM|x86
		Debug|Any CPU = Debug|Any CPU
		Debug|x86 = Debug|x86
		DVD-5|Any CPU = DVD-5|Any CPU
		DVD-5|x86 = DVD-5|x86
		Release|Any CPU = Release|Any CPU
		Release|x86 = Release|x86
		SingleImage|Any CPU = SingleImage|Any CPU
		SingleImage|x86 = SingleImage|x86
	EndGlobalSection
	GlobalSection(ProjectConfigurationPlatforms) = postSolution
		{54EE64D8-2808-43D4-A625-59160A419B1A}.CD_ROM|Any CPU.ActiveCfg = Release|Any CPU
		{54EE64D8-2808-43D4-A625-59160A419B1A}.CD_ROM|Any CPU.Build.0 = Release|Any CPU
		{54EE64D8-2808-43D4-A625-59160A419B1A}.CD_ROM|x86.ActiveCfg = Release|x86
		{54EE64D8-2808-43D4-A625-59160A419B1A}.CD_ROM|x86.Build.0 = Release|x86
		{54EE64D8-2808-43D4-A625-59160A419B1A}.Debug|Any CPU.ActiveCfg = Debug|Any CPU
		{54EE64D8-2808-43D4-A625-59160A419B1A}.Debug|Any CPU.Build.0 = Debug|Any CPU
		{54EE64D8-2808-43D4-A625-59160A419B1A}.Debug|x86.ActiveCfg = Debug|x86
		{54EE64D8-2808-43D4-A625-59160A419B1A}.Debug|x86.Build.0 = Debug|x86
		{54EE64D8-2808-43D4-A625-59160A419B1A}.DVD-5|Any CPU.ActiveCfg = Debug|Any CPU
		{54EE64D8-2808-43D4-A625-59160A419B1A}.DVD-5|Any CPU.Build.0 = Debug|Any CPU
		{54EE64D8-2808-43D4-A625-59160A419B1A}.DVD-5|x86.ActiveCfg = Debug|x86
		{54EE64D8-2808-43D4-A625-59160A419B1A}.DVD-5|x86.Build.0 = Debug|x86
		{54EE64D8-2808-43D4-A625-59160A419B1A}.Release|Any CPU.ActiveCfg = Release|Any CPU
		{54EE64D8-2808-43D4-A625-59160A419B1A}.Release|Any CPU.Build.0 = Release|Any CPU
		{54EE64D8-2808-43D4-A625-59160A419B1A}.Release|x86.ActiveCfg = Release|x86
		{54EE64D8-2808-43D4-A625-59160A419B1A}.Release|x86.Build.0 = Release|x86
		{54EE64D8-2808-43D4-A625-59160A419B1A}.SingleImage|Any CPU.ActiveCfg = Release|Any CPU
		{54EE64D8-2808-43D4-A625-59160A419B1A}.SingleImage|Any CPU.Build.0 = Release|Any CPU
		{54EE64D8-2808-43D4-A625-59160A419B1A}.SingleImage|x86.ActiveCfg = Release|x86
		{54EE64D8-2808-43D4-A625-59160A419B1A}.SingleImage|x86.Build.0 = Release|x86
		{3AF84E7A-B913-45C4-9787-381608EBCD12}.CD_ROM|Any CPU.ActiveCfg = CD_ROM
		{3AF84E7A-B913-45C4-9787-381608EBCD12}.CD_ROM|Any CPU.Build.0 = CD_ROM
		{3AF84E7A-B913-45C4-9787-381608EBCD12}.CD_ROM|x86.ActiveCfg = CD_ROM
		{3AF84E7A-B913-45C4-9787-381608EBCD12}.CD_ROM|x86.Build.0 = CD_ROM
		{3AF84E7A-B913-45C4-9787-381608EBCD12}.Debug|Any CPU.ActiveCfg = DVD-5
		{3AF84E7A-B913-45C4-9787-381608EBCD12}.Debug|Any CPU.Build.0 = DVD-5
		{3AF84E7A-B913-45C4-9787-381608EBCD12}.Debug|x86.ActiveCfg = DVD-5
		{3AF84E7A-B913-45C4-9787-381608EBCD12}.Debug|x86.Build.0 = DVD-5
		{3AF84E7A-B913-45C4-9787-381608EBCD12}.DVD-5|Any CPU.ActiveCfg = DVD-5
		{3AF84E7A-B913-45C4-9787-381608EBCD12}.DVD-5|Any CPU.Build.0 = DVD-5
		{3AF84E7A-B913-45C4-9787-381608EBCD12}.DVD-5|x86.ActiveCfg = DVD-5
		{3AF84E7A-B913-45C4-9787-381608EBCD12}.DVD-5|x86.Build.0 = DVD-5
		{3AF84E7A-B913-45C4-9787-381608EBCD12}.Release|Any CPU.ActiveCfg = SingleImage
		{3AF84E7A-B913-45C4-9787-381608EBCD12}.Release|Any CPU.Build.0 = SingleImage
		{3AF84E7A-B913-45C4-9787-381608EBCD12}.Release|x86.ActiveCfg = SingleImage
		{3AF84E7A-B913-45C4-9787-381608EBCD12}.Release|x86.Build.0 = SingleImage
		{3AF84E7A-B913-45C4-9787-381608EBCD12}.SingleImage|Any CPU.ActiveCfg = SingleImage
		{3AF84E7A-B913-45C4-9787-381608EBCD12}.SingleImage|Any CPU.Build.0 = SingleImage
		{3AF84E7A-B913-45C4-9787-381608EBCD12}.SingleImage|x86.ActiveCfg = SingleImage
		{3AF84E7A-B913-45C4-9787-381608EBCD12}.SingleImage|x86.Build.0 = SingleImage
	EndGlobalSection
	GlobalSection(SolutionProperties) = preSolution
		HideSolutionNode = FALSE
	EndGlobalSection
	GlobalSection(ExtensibilityGlobals) = postSolution
		SolutionGuid = {1FDACE5B-D9BF-4D6B-B14E-E16E04A0642A}
	EndGlobalSection
EndGlobal
